// !$*UTF8*$!
{
	archiveVersion = 1;
	classes = {
	};
	objectVersion = 46;
	objects = {

/* Begin PBXBuildFile section */
		060FECFC6849FB30DD93AF1E /* Pods_Lojinha.framework in Frameworks */ = {isa = PBXBuildFile; fileRef = 6521B93CE53EC02D44087CD7 /* Pods_Lojinha.framework */; };
		F406E7B71FEB26DC006C05CC /* ShoppingBagTableViewController.swift in Sources */ = {isa = PBXBuildFile; fileRef = F406E7B61FEB26DC006C05CC /* ShoppingBagTableViewController.swift */; };
		F406E7B91FEB27E4006C05CC /* NumberOfItemsCell.swift in Sources */ = {isa = PBXBuildFile; fileRef = F406E7B81FEB27E4006C05CC /* NumberOfItemsCell.swift */; };
		F406E7BB1FEB27FC006C05CC /* ShoppingCartItemCell.swift in Sources */ = {isa = PBXBuildFile; fileRef = F406E7BA1FEB27FC006C05CC /* ShoppingCartItemCell.swift */; };
		F406E7BE1FEB3E03006C05CC /* CheckoutTableViewController.swift in Sources */ = {isa = PBXBuildFile; fileRef = F406E7BD1FEB3E03006C05CC /* CheckoutTableViewController.swift */; };
		F406E7C01FEB3EFA006C05CC /* CreditCardInformationCell.swift in Sources */ = {isa = PBXBuildFile; fileRef = F406E7BF1FEB3EFA006C05CC /* CreditCardInformationCell.swift */; };
		F406E7C21FF478A0006C05CC /* GoogleService-Info.plist in Resources */ = {isa = PBXBuildFile; fileRef = F406E7C11FF478A0006C05CC /* GoogleService-Info.plist */; };
		F4072CB01FA7FDF800768005 /* Product.swift in Sources */ = {isa = PBXBuildFile; fileRef = F4072CAF1FA7FDF800768005 /* Product.swift */; };
		F4072CB21FA8023300768005 /* FeedTableViewController.swift in Sources */ = {isa = PBXBuildFile; fileRef = F4072CB11FA8023300768005 /* FeedTableViewController.swift */; };
		F4072CB41FA8060800768005 /* FeedProductCell.swift in Sources */ = {isa = PBXBuildFile; fileRef = F4072CB31FA8060800768005 /* FeedProductCell.swift */; };
		F40867DF1F283B6F00C91A55 /* AppDelegate.swift in Sources */ = {isa = PBXBuildFile; fileRef = F40867DE1F283B6F00C91A55 /* AppDelegate.swift */; };
		F40867E41F283B6F00C91A55 /* Main.storyboard in Resources */ = {isa = PBXBuildFile; fileRef = F40867E21F283B6F00C91A55 /* Main.storyboard */; };
		F40867E61F283B6F00C91A55 /* Assets.xcassets in Resources */ = {isa = PBXBuildFile; fileRef = F40867E51F283B6F00C91A55 /* Assets.xcassets */; };
		F40867F11F2843CD00C91A55 /* .gitignore in Resources */ = {isa = PBXBuildFile; fileRef = F40867F01F2843CD00C91A55 /* .gitignore */; };
		F427440C1FF5B9AC00A28250 /* RegisterTypeViewController.swift in Sources */ = {isa = PBXBuildFile; fileRef = F427440B1FF5B9AC00A28250 /* RegisterTypeViewController.swift */; };
		F427440E1FF5BA7A00A28250 /* EmailTableViewController.swift in Sources */ = {isa = PBXBuildFile; fileRef = F427440D1FF5BA7A00A28250 /* EmailTableViewController.swift */; };
		F42744111FF5C0EE00A28250 /* ImagePickerHelper.swift in Sources */ = {isa = PBXBuildFile; fileRef = F42744101FF5C0EE00A28250 /* ImagePickerHelper.swift */; };
		F42744131FF5CA4D00A28250 /* LoginTableViewController.swift in Sources */ = {isa = PBXBuildFile; fileRef = F42744121FF5CA4D00A28250 /* LoginTableViewController.swift */; };
		F42744151FFDAE2800A28250 /* FirebaseReference.swift in Sources */ = {isa = PBXBuildFile; fileRef = F42744141FFDAE2800A28250 /* FirebaseReference.swift */; };
		F42744171FFDB04300A28250 /* FIRImage.swift in Sources */ = {isa = PBXBuildFile; fileRef = F42744161FFDB04300A28250 /* FIRImage.swift */; };
		F42744191FFDB2FD00A28250 /* User.swift in Sources */ = {isa = PBXBuildFile; fileRef = F42744181FFDB2FC00A28250 /* User.swift */; };
		F427441B1FFDBDB100A28250 /* WelcomeViewController.swift in Sources */ = {isa = PBXBuildFile; fileRef = F427441A1FFDBDB100A28250 /* WelcomeViewController.swift */; };
		F427441D1FFDC05D00A28250 /* Functions.swift in Sources */ = {isa = PBXBuildFile; fileRef = F427441C1FFDC05D00A28250 /* Functions.swift */; };
		F43065F21FE206CC00FCD895 /* ProductDetailCell.swift in Sources */ = {isa = PBXBuildFile; fileRef = F43065F11FE206CC00FCD895 /* ProductDetailCell.swift */; };
		F43065F41FE2071600FCD895 /* BuyButtonCell.swift in Sources */ = {isa = PBXBuildFile; fileRef = F43065F31FE2071600FCD895 /* BuyButtonCell.swift */; };
		F43065FB1FE208B000FCD895 /* ProductDetailTVC.swift in Sources */ = {isa = PBXBuildFile; fileRef = F43065FA1FE208B000FCD895 /* ProductDetailTVC.swift */; };
		F43065FD1FE4894D00FCD895 /* ProductImageViewController.swift in Sources */ = {isa = PBXBuildFile; fileRef = F43065FC1FE4894D00FCD895 /* ProductImageViewController.swift */; };
		F43065FF1FE48A0200FCD895 /* ProductImagesPageViewController.swift in Sources */ = {isa = PBXBuildFile; fileRef = F43065FE1FE48A0200FCD895 /* ProductImagesPageViewController.swift */; };
		F43066011FE4A3C700FCD895 /* ProductImagesHeaderView.swift in Sources */ = {isa = PBXBuildFile; fileRef = F43066001FE4A3C700FCD895 /* ProductImagesHeaderView.swift */; };
		F442680820D9D1BD0045E6D4 /* ShoppingCart.swift in Sources */ = {isa = PBXBuildFile; fileRef = F442680720D9D1BD0045E6D4 /* ShoppingCart.swift */; };
		F442680B20D9F11B0045E6D4 /* CartTotalCell.swift in Sources */ = {isa = PBXBuildFile; fileRef = F442680920D9F11A0045E6D4 /* CartTotalCell.swift */; };
		F442680C20D9F11B0045E6D4 /* CartSubtotalCell.swift in Sources */ = {isa = PBXBuildFile; fileRef = F442680A20D9F11A0045E6D4 /* CartSubtotalCell.swift */; };
		F44A9A772023E3440065CE18 /* SMSCodeTableViewController.swift in Sources */ = {isa = PBXBuildFile; fileRef = F44A9A762023E3440065CE18 /* SMSCodeTableViewController.swift */; };
		F44A9A7A2023F49E0065CE18 /* SMSRegisterTableViewController.swift in Sources */ = {isa = PBXBuildFile; fileRef = F44A9A792023F49E0065CE18 /* SMSRegisterTableViewController.swift */; };
		F45A537D2020F375000B63E2 /* SMSTableViewController.swift in Sources */ = {isa = PBXBuildFile; fileRef = F45A537C2020F375000B63E2 /* SMSTableViewController.swift */; };
		F47B5CEB1FE88B2700ECC432 /* SuggestionCollectionViewCell.swift in Sources */ = {isa = PBXBuildFile; fileRef = F47B5CEA1FE88B2700ECC432 /* SuggestionCollectionViewCell.swift */; };
		F47B5CED1FE88BC600ECC432 /* SuggestionTableViewCell.swift in Sources */ = {isa = PBXBuildFile; fileRef = F47B5CEC1FE88BC600ECC432 /* SuggestionTableViewCell.swift */; };
		F491467C20BF98CF00585994 /* UIViewController+Alerts.m in Sources */ = {isa = PBXBuildFile; fileRef = F491467B20BF98CF00585994 /* UIViewController+Alerts.m */; };
		F492C46220D48DE60018DE55 /* Register.storyboard in Resources */ = {isa = PBXBuildFile; fileRef = F492C46120D48DE60018DE55 /* Register.storyboard */; };
		F492C46420D490900018DE55 /* Login.storyboard in Resources */ = {isa = PBXBuildFile; fileRef = F492C46320D490900018DE55 /* Login.storyboard */; };
/* End PBXBuildFile section */

/* Begin PBXFileReference section */
		6521B93CE53EC02D44087CD7 /* Pods_Lojinha.framework */ = {isa = PBXFileReference; explicitFileType = wrapper.framework; includeInIndex = 0; path = Pods_Lojinha.framework; sourceTree = BUILT_PRODUCTS_DIR; };
		B100EC11426409C808CED369 /* Pods-Lojinha.release.xcconfig */ = {isa = PBXFileReference; includeInIndex = 1; lastKnownFileType = text.xcconfig; name = "Pods-Lojinha.release.xcconfig"; path = "Pods/Target Support Files/Pods-Lojinha/Pods-Lojinha.release.xcconfig"; sourceTree = "<group>"; };
		E2CD9BE99CE5C8C4277B2A14 /* Pods-Lojinha.debug.xcconfig */ = {isa = PBXFileReference; includeInIndex = 1; lastKnownFileType = text.xcconfig; name = "Pods-Lojinha.debug.xcconfig"; path = "Pods/Target Support Files/Pods-Lojinha/Pods-Lojinha.debug.xcconfig"; sourceTree = "<group>"; };
		F406E7B61FEB26DC006C05CC /* ShoppingBagTableViewController.swift */ = {isa = PBXFileReference; lastKnownFileType = sourcecode.swift; path = ShoppingBagTableViewController.swift; sourceTree = "<group>"; };
		F406E7B81FEB27E4006C05CC /* NumberOfItemsCell.swift */ = {isa = PBXFileReference; lastKnownFileType = sourcecode.swift; path = NumberOfItemsCell.swift; sourceTree = "<group>"; };
		F406E7BA1FEB27FC006C05CC /* ShoppingCartItemCell.swift */ = {isa = PBXFileReference; lastKnownFileType = sourcecode.swift; path = ShoppingCartItemCell.swift; sourceTree = "<group>"; };
		F406E7BD1FEB3E03006C05CC /* CheckoutTableViewController.swift */ = {isa = PBXFileReference; lastKnownFileType = sourcecode.swift; path = CheckoutTableViewController.swift; sourceTree = "<group>"; };
		F406E7BF1FEB3EFA006C05CC /* CreditCardInformationCell.swift */ = {isa = PBXFileReference; lastKnownFileType = sourcecode.swift; path = CreditCardInformationCell.swift; sourceTree = "<group>"; };
		F406E7C11FF478A0006C05CC /* GoogleService-Info.plist */ = {isa = PBXFileReference; fileEncoding = 4; lastKnownFileType = text.plist.xml; path = "GoogleService-Info.plist"; sourceTree = "<group>"; };
		F4072CAF1FA7FDF800768005 /* Product.swift */ = {isa = PBXFileReference; lastKnownFileType = sourcecode.swift; path = Product.swift; sourceTree = "<group>"; };
		F4072CB11FA8023300768005 /* FeedTableViewController.swift */ = {isa = PBXFileReference; lastKnownFileType = sourcecode.swift; path = FeedTableViewController.swift; sourceTree = "<group>"; };
		F4072CB31FA8060800768005 /* FeedProductCell.swift */ = {isa = PBXFileReference; lastKnownFileType = sourcecode.swift; path = FeedProductCell.swift; sourceTree = "<group>"; };
		F40867DB1F283B6F00C91A55 /* Lojinha.app */ = {isa = PBXFileReference; explicitFileType = wrapper.application; includeInIndex = 0; path = Lojinha.app; sourceTree = BUILT_PRODUCTS_DIR; };
		F40867DE1F283B6F00C91A55 /* AppDelegate.swift */ = {isa = PBXFileReference; lastKnownFileType = sourcecode.swift; path = AppDelegate.swift; sourceTree = "<group>"; };
		F40867E31F283B6F00C91A55 /* Base */ = {isa = PBXFileReference; lastKnownFileType = file.storyboard; name = Base; path = Base.lproj/Main.storyboard; sourceTree = "<group>"; };
		F40867E51F283B6F00C91A55 /* Assets.xcassets */ = {isa = PBXFileReference; lastKnownFileType = folder.assetcatalog; path = Assets.xcassets; sourceTree = "<group>"; };
		F40867EA1F283B6F00C91A55 /* Info.plist */ = {isa = PBXFileReference; lastKnownFileType = text.plist.xml; path = Info.plist; sourceTree = "<group>"; };
		F40867F01F2843CD00C91A55 /* .gitignore */ = {isa = PBXFileReference; fileEncoding = 4; lastKnownFileType = text; path = .gitignore; sourceTree = "<group>"; };
		F427440B1FF5B9AC00A28250 /* RegisterTypeViewController.swift */ = {isa = PBXFileReference; lastKnownFileType = sourcecode.swift; path = RegisterTypeViewController.swift; sourceTree = "<group>"; };
		F427440D1FF5BA7A00A28250 /* EmailTableViewController.swift */ = {isa = PBXFileReference; lastKnownFileType = sourcecode.swift; path = EmailTableViewController.swift; sourceTree = "<group>"; };
		F42744101FF5C0EE00A28250 /* ImagePickerHelper.swift */ = {isa = PBXFileReference; lastKnownFileType = sourcecode.swift; path = ImagePickerHelper.swift; sourceTree = "<group>"; };
		F42744121FF5CA4D00A28250 /* LoginTableViewController.swift */ = {isa = PBXFileReference; lastKnownFileType = sourcecode.swift; path = LoginTableViewController.swift; sourceTree = "<group>"; };
		F42744141FFDAE2800A28250 /* FirebaseReference.swift */ = {isa = PBXFileReference; lastKnownFileType = sourcecode.swift; path = FirebaseReference.swift; sourceTree = "<group>"; };
		F42744161FFDB04300A28250 /* FIRImage.swift */ = {isa = PBXFileReference; lastKnownFileType = sourcecode.swift; path = FIRImage.swift; sourceTree = "<group>"; };
		F42744181FFDB2FC00A28250 /* User.swift */ = {isa = PBXFileReference; fileEncoding = 4; lastKnownFileType = sourcecode.swift; path = User.swift; sourceTree = "<group>"; };
		F427441A1FFDBDB100A28250 /* WelcomeViewController.swift */ = {isa = PBXFileReference; lastKnownFileType = sourcecode.swift; path = WelcomeViewController.swift; sourceTree = "<group>"; };
		F427441C1FFDC05D00A28250 /* Functions.swift */ = {isa = PBXFileReference; fileEncoding = 4; lastKnownFileType = sourcecode.swift; path = Functions.swift; sourceTree = "<group>"; };
		F43065F11FE206CC00FCD895 /* ProductDetailCell.swift */ = {isa = PBXFileReference; lastKnownFileType = sourcecode.swift; path = ProductDetailCell.swift; sourceTree = "<group>"; };
		F43065F31FE2071600FCD895 /* BuyButtonCell.swift */ = {isa = PBXFileReference; lastKnownFileType = sourcecode.swift; path = BuyButtonCell.swift; sourceTree = "<group>"; };
		F43065FA1FE208B000FCD895 /* ProductDetailTVC.swift */ = {isa = PBXFileReference; lastKnownFileType = sourcecode.swift; path = ProductDetailTVC.swift; sourceTree = "<group>"; };
		F43065FC1FE4894D00FCD895 /* ProductImageViewController.swift */ = {isa = PBXFileReference; lastKnownFileType = sourcecode.swift; path = ProductImageViewController.swift; sourceTree = "<group>"; };
		F43065FE1FE48A0200FCD895 /* ProductImagesPageViewController.swift */ = {isa = PBXFileReference; lastKnownFileType = sourcecode.swift; path = ProductImagesPageViewController.swift; sourceTree = "<group>"; };
		F43066001FE4A3C700FCD895 /* ProductImagesHeaderView.swift */ = {isa = PBXFileReference; lastKnownFileType = sourcecode.swift; path = ProductImagesHeaderView.swift; sourceTree = "<group>"; };
		F442680720D9D1BD0045E6D4 /* ShoppingCart.swift */ = {isa = PBXFileReference; lastKnownFileType = sourcecode.swift; path = ShoppingCart.swift; sourceTree = "<group>"; };
		F442680920D9F11A0045E6D4 /* CartTotalCell.swift */ = {isa = PBXFileReference; fileEncoding = 4; lastKnownFileType = sourcecode.swift; path = CartTotalCell.swift; sourceTree = "<group>"; };
		F442680A20D9F11A0045E6D4 /* CartSubtotalCell.swift */ = {isa = PBXFileReference; fileEncoding = 4; lastKnownFileType = sourcecode.swift; path = CartSubtotalCell.swift; sourceTree = "<group>"; };
		F44A9A762023E3440065CE18 /* SMSCodeTableViewController.swift */ = {isa = PBXFileReference; lastKnownFileType = sourcecode.swift; path = SMSCodeTableViewController.swift; sourceTree = "<group>"; };
		F44A9A782023E5040065CE18 /* Lojinha.entitlements */ = {isa = PBXFileReference; lastKnownFileType = text.plist.entitlements; path = Lojinha.entitlements; sourceTree = "<group>"; };
		F44A9A792023F49E0065CE18 /* SMSRegisterTableViewController.swift */ = {isa = PBXFileReference; lastKnownFileType = sourcecode.swift; path = SMSRegisterTableViewController.swift; sourceTree = "<group>"; };
		F45A537C2020F375000B63E2 /* SMSTableViewController.swift */ = {isa = PBXFileReference; lastKnownFileType = sourcecode.swift; path = SMSTableViewController.swift; sourceTree = "<group>"; };
		F47B5CEA1FE88B2700ECC432 /* SuggestionCollectionViewCell.swift */ = {isa = PBXFileReference; lastKnownFileType = sourcecode.swift; path = SuggestionCollectionViewCell.swift; sourceTree = "<group>"; };
		F47B5CEC1FE88BC600ECC432 /* SuggestionTableViewCell.swift */ = {isa = PBXFileReference; lastKnownFileType = sourcecode.swift; path = SuggestionTableViewCell.swift; sourceTree = "<group>"; };
		F491467920BF98CE00585994 /* Lojinha-Bridging-Header.h */ = {isa = PBXFileReference; lastKnownFileType = sourcecode.c.h; path = "Lojinha-Bridging-Header.h"; sourceTree = "<group>"; };
		F491467A20BF98CF00585994 /* UIViewController+Alerts.h */ = {isa = PBXFileReference; fileEncoding = 4; lastKnownFileType = sourcecode.c.h; path = "UIViewController+Alerts.h"; sourceTree = "<group>"; };
		F491467B20BF98CF00585994 /* UIViewController+Alerts.m */ = {isa = PBXFileReference; fileEncoding = 4; lastKnownFileType = sourcecode.c.objc; path = "UIViewController+Alerts.m"; sourceTree = "<group>"; };
		F492C46120D48DE60018DE55 /* Register.storyboard */ = {isa = PBXFileReference; lastKnownFileType = file.storyboard; path = Register.storyboard; sourceTree = "<group>"; };
		F492C46320D490900018DE55 /* Login.storyboard */ = {isa = PBXFileReference; lastKnownFileType = file.storyboard; path = Login.storyboard; sourceTree = "<group>"; };
/* End PBXFileReference section */

/* Begin PBXFrameworksBuildPhase section */
		F40867D81F283B6F00C91A55 /* Frameworks */ = {
			isa = PBXFrameworksBuildPhase;
			buildActionMask = 2147483647;
			files = (
				060FECFC6849FB30DD93AF1E /* Pods_Lojinha.framework in Frameworks */,
			);
			runOnlyForDeploymentPostprocessing = 0;
		};
/* End PBXFrameworksBuildPhase section */

/* Begin PBXGroup section */
		347DCC2F301804C1F5DC654B /* Frameworks */ = {
			isa = PBXGroup;
			children = (
				6521B93CE53EC02D44087CD7 /* Pods_Lojinha.framework */,
			);
			name = Frameworks;
			sourceTree = "<group>";
		};
		A38EE8EB4C150C1575418637 /* Pods */ = {
			isa = PBXGroup;
			children = (
				E2CD9BE99CE5C8C4277B2A14 /* Pods-Lojinha.debug.xcconfig */,
				B100EC11426409C808CED369 /* Pods-Lojinha.release.xcconfig */,
			);
			name = Pods;
			sourceTree = "<group>";
		};
		F40867D21F283B6F00C91A55 = {
			isa = PBXGroup;
			children = (
				F40867F01F2843CD00C91A55 /* .gitignore */,
				F40867DD1F283B6F00C91A55 /* Lojinha */,
				F40867DC1F283B6F00C91A55 /* Products */,
				A38EE8EB4C150C1575418637 /* Pods */,
				347DCC2F301804C1F5DC654B /* Frameworks */,
			);
			sourceTree = "<group>";
		};
		F40867DC1F283B6F00C91A55 /* Products */ = {
			isa = PBXGroup;
			children = (
				F40867DB1F283B6F00C91A55 /* Lojinha.app */,
			);
			name = Products;
			sourceTree = "<group>";
		};
		F40867DD1F283B6F00C91A55 /* Lojinha */ = {
			isa = PBXGroup;
			children = (
				F44A9A782023E5040065CE18 /* Lojinha.entitlements */,
				F40867DE1F283B6F00C91A55 /* AppDelegate.swift */,
				F40867E51F283B6F00C91A55 /* Assets.xcassets */,
				F40867EA1F283B6F00C91A55 /* Info.plist */,
				F406E7C11FF478A0006C05CC /* GoogleService-Info.plist */,
				F43065F71FE207B000FCD895 /* Storyboards */,
				F421B4FD20200B9F00D5FF11 /* Firebase */,
				F43065F61FE2078F00FCD895 /* Model */,
				F43065F81FE207E300FCD895 /* Views */,
				F427440F1FF5C09400A28250 /* Helper Classes */,
				F43065F91FE207EB00FCD895 /* Controllers */,
			);
			path = Lojinha;
			sourceTree = "<group>";
		};
		F421B4FD20200B9F00D5FF11 /* Firebase */ = {
			isa = PBXGroup;
			children = (
				F42744141FFDAE2800A28250 /* FirebaseReference.swift */,
				F42744161FFDB04300A28250 /* FIRImage.swift */,
			);
			path = Firebase;
			sourceTree = "<group>";
		};
		F427440F1FF5C09400A28250 /* Helper Classes */ = {
			isa = PBXGroup;
			children = (
				F43066021FE4B27700FCD895 /* SliderProductImage */,
				F491467A20BF98CF00585994 /* UIViewController+Alerts.h */,
				F491467B20BF98CF00585994 /* UIViewController+Alerts.m */,
				F491467920BF98CE00585994 /* Lojinha-Bridging-Header.h */,
				F42744101FF5C0EE00A28250 /* ImagePickerHelper.swift */,
				F427441C1FFDC05D00A28250 /* Functions.swift */,
			);
			path = "Helper Classes";
			sourceTree = "<group>";
		};
		F43065F61FE2078F00FCD895 /* Model */ = {
			isa = PBXGroup;
			children = (
				F42744181FFDB2FC00A28250 /* User.swift */,
				F4072CAF1FA7FDF800768005 /* Product.swift */,
				F442680720D9D1BD0045E6D4 /* ShoppingCart.swift */,
			);
			path = Model;
			sourceTree = "<group>";
		};
		F43065F71FE207B000FCD895 /* Storyboards */ = {
			isa = PBXGroup;
			children = (
				F40867E21F283B6F00C91A55 /* Main.storyboard */,
				F492C46120D48DE60018DE55 /* Register.storyboard */,
				F492C46320D490900018DE55 /* Login.storyboard */,
			);
			path = Storyboards;
			sourceTree = "<group>";
		};
		F43065F81FE207E300FCD895 /* Views */ = {
			isa = PBXGroup;
			children = (
				F43065F11FE206CC00FCD895 /* ProductDetailCell.swift */,
				F43065F31FE2071600FCD895 /* BuyButtonCell.swift */,
				F442680A20D9F11A0045E6D4 /* CartSubtotalCell.swift */,
				F442680920D9F11A0045E6D4 /* CartTotalCell.swift */,
				F4072CB31FA8060800768005 /* FeedProductCell.swift */,
				F47B5CEA1FE88B2700ECC432 /* SuggestionCollectionViewCell.swift */,
				F47B5CEC1FE88BC600ECC432 /* SuggestionTableViewCell.swift */,
				F406E7B81FEB27E4006C05CC /* NumberOfItemsCell.swift */,
				F406E7BA1FEB27FC006C05CC /* ShoppingCartItemCell.swift */,
				F406E7BF1FEB3EFA006C05CC /* CreditCardInformationCell.swift */,
			);
			path = Views;
			sourceTree = "<group>";
		};
		F43065F91FE207EB00FCD895 /* Controllers */ = {
			isa = PBXGroup;
			children = (
				F4072CB11FA8023300768005 /* FeedTableViewController.swift */,
				F43065FA1FE208B000FCD895 /* ProductDetailTVC.swift */,
				F406E7B61FEB26DC006C05CC /* ShoppingBagTableViewController.swift */,
				F406E7BD1FEB3E03006C05CC /* CheckoutTableViewController.swift */,
				F427440B1FF5B9AC00A28250 /* RegisterTypeViewController.swift */,
				F44A9A7C2023FAB10065CE18 /* Email-Auth */,
				F42744121FF5CA4D00A28250 /* LoginTableViewController.swift */,
				F427441A1FFDBDB100A28250 /* WelcomeViewController.swift */,
				F44A9A7B2023FA830065CE18 /* SMS-Auth */,
			);
			path = Controllers;
			sourceTree = "<group>";
		};
		F43066021FE4B27700FCD895 /* SliderProductImage */ = {
			isa = PBXGroup;
			children = (
				F43065FC1FE4894D00FCD895 /* ProductImageViewController.swift */,
				F43065FE1FE48A0200FCD895 /* ProductImagesPageViewController.swift */,
				F43066001FE4A3C700FCD895 /* ProductImagesHeaderView.swift */,
			);
			path = SliderProductImage;
			sourceTree = "<group>";
		};
		F44A9A7B2023FA830065CE18 /* SMS-Auth */ = {
			isa = PBXGroup;
			children = (
				F45A537C2020F375000B63E2 /* SMSTableViewController.swift */,
				F44A9A762023E3440065CE18 /* SMSCodeTableViewController.swift */,
				F44A9A792023F49E0065CE18 /* SMSRegisterTableViewController.swift */,
			);
			path = "SMS-Auth";
			sourceTree = "<group>";
		};
		F44A9A7C2023FAB10065CE18 /* Email-Auth */ = {
			isa = PBXGroup;
			children = (
				F427440D1FF5BA7A00A28250 /* EmailTableViewController.swift */,
			);
			path = "Email-Auth";
			sourceTree = "<group>";
		};
/* End PBXGroup section */

/* Begin PBXNativeTarget section */
		F40867DA1F283B6F00C91A55 /* Lojinha */ = {
			isa = PBXNativeTarget;
			buildConfigurationList = F40867ED1F283B6F00C91A55 /* Build configuration list for PBXNativeTarget "Lojinha" */;
			buildPhases = (
				43AE98FC3C6EE2FD772BB693 /* [CP] Check Pods Manifest.lock */,
				F40867D71F283B6F00C91A55 /* Sources */,
				F40867D81F283B6F00C91A55 /* Frameworks */,
				F40867D91F283B6F00C91A55 /* Resources */,
				2B14798582B2181F08AABDF7 /* [CP] Embed Pods Frameworks */,
				EA609448507BFB4DA5D07993 /* [CP] Copy Pods Resources */,
			);
			buildRules = (
			);
			dependencies = (
			);
			name = Lojinha;
			productName = Lojinha;
			productReference = F40867DB1F283B6F00C91A55 /* Lojinha.app */;
			productType = "com.apple.product-type.application";
		};
/* End PBXNativeTarget section */

/* Begin PBXProject section */
		F40867D31F283B6F00C91A55 /* Project object */ = {
			isa = PBXProject;
			attributes = {
				LastSwiftUpdateCheck = 0830;
				LastUpgradeCheck = 0920;
				TargetAttributes = {
					F40867DA1F283B6F00C91A55 = {
						CreatedOnToolsVersion = 8.3.3;
						DevelopmentTeam = 8UW672R5KC;
						LastSwiftMigration = 0930;
						ProvisioningStyle = Automatic;
						SystemCapabilities = {
							com.apple.BackgroundModes = {
								enabled = 1;
							};
							com.apple.Push = {
								enabled = 1;
							};
						};
					};
				};
			};
			buildConfigurationList = F40867D61F283B6F00C91A55 /* Build configuration list for PBXProject "Lojinha" */;
			compatibilityVersion = "Xcode 3.2";
			developmentRegion = English;
			hasScannedForEncodings = 0;
			knownRegions = (
				en,
				Base,
			);
			mainGroup = F40867D21F283B6F00C91A55;
			productRefGroup = F40867DC1F283B6F00C91A55 /* Products */;
			projectDirPath = "";
			projectRoot = "";
			targets = (
				F40867DA1F283B6F00C91A55 /* Lojinha */,
			);
		};
/* End PBXProject section */

/* Begin PBXResourcesBuildPhase section */
		F40867D91F283B6F00C91A55 /* Resources */ = {
			isa = PBXResourcesBuildPhase;
			buildActionMask = 2147483647;
			files = (
				F40867F11F2843CD00C91A55 /* .gitignore in Resources */,
				F406E7C21FF478A0006C05CC /* GoogleService-Info.plist in Resources */,
				F492C46420D490900018DE55 /* Login.storyboard in Resources */,
				F40867E61F283B6F00C91A55 /* Assets.xcassets in Resources */,
				F492C46220D48DE60018DE55 /* Register.storyboard in Resources */,
				F40867E41F283B6F00C91A55 /* Main.storyboard in Resources */,
			);
			runOnlyForDeploymentPostprocessing = 0;
		};
/* End PBXResourcesBuildPhase section */

/* Begin PBXShellScriptBuildPhase section */
		2B14798582B2181F08AABDF7 /* [CP] Embed Pods Frameworks */ = {
			isa = PBXShellScriptBuildPhase;
			buildActionMask = 2147483647;
			files = (
			);
			inputPaths = (
				"${SRCROOT}/Pods/Target Support Files/Pods-Lojinha/Pods-Lojinha-frameworks.sh",
				"${BUILT_PRODUCTS_DIR}/Bolts/Bolts.framework",
				"${BUILT_PRODUCTS_DIR}/FBSDKCoreKit/FBSDKCoreKit.framework",
				"${BUILT_PRODUCTS_DIR}/FBSDKLoginKit/FBSDKLoginKit.framework",
				"${BUILT_PRODUCTS_DIR}/GTMOAuth2/GTMOAuth2.framework",
				"${BUILT_PRODUCTS_DIR}/GTMSessionFetcher/GTMSessionFetcher.framework",
				"${BUILT_PRODUCTS_DIR}/GoogleToolboxForMac/GoogleToolboxForMac.framework",
				"${PODS_ROOT}/TwitterCore/iOS/TwitterCore.framework",
				"${PODS_ROOT}/TwitterKit/iOS/TwitterKit.framework",
				"${BUILT_PRODUCTS_DIR}/leveldb-library/leveldb.framework",
				"${BUILT_PRODUCTS_DIR}/nanopb/nanopb.framework",
			);
			name = "[CP] Embed Pods Frameworks";
			outputPaths = (
				"${TARGET_BUILD_DIR}/${FRAMEWORKS_FOLDER_PATH}/Bolts.framework",
				"${TARGET_BUILD_DIR}/${FRAMEWORKS_FOLDER_PATH}/FBSDKCoreKit.framework",
				"${TARGET_BUILD_DIR}/${FRAMEWORKS_FOLDER_PATH}/FBSDKLoginKit.framework",
				"${TARGET_BUILD_DIR}/${FRAMEWORKS_FOLDER_PATH}/GTMOAuth2.framework",
				"${TARGET_BUILD_DIR}/${FRAMEWORKS_FOLDER_PATH}/GTMSessionFetcher.framework",
				"${TARGET_BUILD_DIR}/${FRAMEWORKS_FOLDER_PATH}/GoogleToolboxForMac.framework",
				"${TARGET_BUILD_DIR}/${FRAMEWORKS_FOLDER_PATH}/TwitterCore.framework",
				"${TARGET_BUILD_DIR}/${FRAMEWORKS_FOLDER_PATH}/TwitterKit.framework",
				"${TARGET_BUILD_DIR}/${FRAMEWORKS_FOLDER_PATH}/leveldb.framework",
				"${TARGET_BUILD_DIR}/${FRAMEWORKS_FOLDER_PATH}/nanopb.framework",
			);
			runOnlyForDeploymentPostprocessing = 0;
			shellPath = /bin/sh;
			shellScript = "\"${SRCROOT}/Pods/Target Support Files/Pods-Lojinha/Pods-Lojinha-frameworks.sh\"\n";
			showEnvVarsInLog = 0;
		};
		43AE98FC3C6EE2FD772BB693 /* [CP] Check Pods Manifest.lock */ = {
			isa = PBXShellScriptBuildPhase;
			buildActionMask = 2147483647;
			files = (
			);
			inputPaths = (
				"${PODS_PODFILE_DIR_PATH}/Podfile.lock",
				"${PODS_ROOT}/Manifest.lock",
			);
			name = "[CP] Check Pods Manifest.lock";
			outputPaths = (
				"$(DERIVED_FILE_DIR)/Pods-Lojinha-checkManifestLockResult.txt",
			);
			runOnlyForDeploymentPostprocessing = 0;
			shellPath = /bin/sh;
			shellScript = "diff \"${PODS_PODFILE_DIR_PATH}/Podfile.lock\" \"${PODS_ROOT}/Manifest.lock\" > /dev/null\nif [ $? != 0 ] ; then\n    # print error to STDERR\n    echo \"error: The sandbox is not in sync with the Podfile.lock. Run 'pod install' or update your CocoaPods installation.\" >&2\n    exit 1\nfi\n# This output is used by Xcode 'outputs' to avoid re-running this script phase.\necho \"SUCCESS\" > \"${SCRIPT_OUTPUT_FILE_0}\"\n";
			showEnvVarsInLog = 0;
		};
		EA609448507BFB4DA5D07993 /* [CP] Copy Pods Resources */ = {
			isa = PBXShellScriptBuildPhase;
			buildActionMask = 2147483647;
			files = (
			);
			inputPaths = (
				"${SRCROOT}/Pods/Target Support Files/Pods-Lojinha/Pods-Lojinha-resources.sh",
				"${PODS_ROOT}/GoogleSignIn/Resources/GoogleSignIn.bundle",
				"${PODS_ROOT}/TwitterKit/iOS/TwitterKit.framework/TwitterKitResources.bundle",
				"${PODS_ROOT}/TwitterKit/iOS/TwitterKit.framework/TwitterShareExtensionUIResources.bundle",
			);
			name = "[CP] Copy Pods Resources";
			outputPaths = (
				"${TARGET_BUILD_DIR}/${UNLOCALIZED_RESOURCES_FOLDER_PATH}/GoogleSignIn.bundle",
				"${TARGET_BUILD_DIR}/${UNLOCALIZED_RESOURCES_FOLDER_PATH}/TwitterKitResources.bundle",
				"${TARGET_BUILD_DIR}/${UNLOCALIZED_RESOURCES_FOLDER_PATH}/TwitterShareExtensionUIResources.bundle",
			);
			runOnlyForDeploymentPostprocessing = 0;
			shellPath = /bin/sh;
			shellScript = "\"${SRCROOT}/Pods/Target Support Files/Pods-Lojinha/Pods-Lojinha-resources.sh\"\n";
			showEnvVarsInLog = 0;
		};
/* End PBXShellScriptBuildPhase section */

/* Begin PBXSourcesBuildPhase section */
		F40867D71F283B6F00C91A55 /* Sources */ = {
			isa = PBXSourcesBuildPhase;
			buildActionMask = 2147483647;
			files = (
				F406E7B91FEB27E4006C05CC /* NumberOfItemsCell.swift in Sources */,
				F43065FF1FE48A0200FCD895 /* ProductImagesPageViewController.swift in Sources */,
				F406E7C01FEB3EFA006C05CC /* CreditCardInformationCell.swift in Sources */,
				F42744111FF5C0EE00A28250 /* ImagePickerHelper.swift in Sources */,
				F47B5CEB1FE88B2700ECC432 /* SuggestionCollectionViewCell.swift in Sources */,
				F427441D1FFDC05D00A28250 /* Functions.swift in Sources */,
				F427440C1FF5B9AC00A28250 /* RegisterTypeViewController.swift in Sources */,
				F427441B1FFDBDB100A28250 /* WelcomeViewController.swift in Sources */,
				F40867DF1F283B6F00C91A55 /* AppDelegate.swift in Sources */,
				F442680C20D9F11B0045E6D4 /* CartSubtotalCell.swift in Sources */,
				F406E7B71FEB26DC006C05CC /* ShoppingBagTableViewController.swift in Sources */,
				F43065FD1FE4894D00FCD895 /* ProductImageViewController.swift in Sources */,
				F442680820D9D1BD0045E6D4 /* ShoppingCart.swift in Sources */,
				F43066011FE4A3C700FCD895 /* ProductImagesHeaderView.swift in Sources */,
				F4072CB01FA7FDF800768005 /* Product.swift in Sources */,
				F4072CB41FA8060800768005 /* FeedProductCell.swift in Sources */,
				F427440E1FF5BA7A00A28250 /* EmailTableViewController.swift in Sources */,
				F45A537D2020F375000B63E2 /* SMSTableViewController.swift in Sources */,
				F42744171FFDB04300A28250 /* FIRImage.swift in Sources */,
				F43065F21FE206CC00FCD895 /* ProductDetailCell.swift in Sources */,
				F43065FB1FE208B000FCD895 /* ProductDetailTVC.swift in Sources */,
				F406E7BE1FEB3E03006C05CC /* CheckoutTableViewController.swift in Sources */,
				F42744151FFDAE2800A28250 /* FirebaseReference.swift in Sources */,
				F491467C20BF98CF00585994 /* UIViewController+Alerts.m in Sources */,
				F406E7BB1FEB27FC006C05CC /* ShoppingCartItemCell.swift in Sources */,
				F43065F41FE2071600FCD895 /* BuyButtonCell.swift in Sources */,
				F44A9A7A2023F49E0065CE18 /* SMSRegisterTableViewController.swift in Sources */,
				F42744191FFDB2FD00A28250 /* User.swift in Sources */,
				F44A9A772023E3440065CE18 /* SMSCodeTableViewController.swift in Sources */,
				F442680B20D9F11B0045E6D4 /* CartTotalCell.swift in Sources */,
				F4072CB21FA8023300768005 /* FeedTableViewController.swift in Sources */,
				F47B5CED1FE88BC600ECC432 /* SuggestionTableViewCell.swift in Sources */,
				F42744131FF5CA4D00A28250 /* LoginTableViewController.swift in Sources */,
			);
			runOnlyForDeploymentPostprocessing = 0;
		};
/* End PBXSourcesBuildPhase section */

/* Begin PBXVariantGroup section */
		F40867E21F283B6F00C91A55 /* Main.storyboard */ = {
			isa = PBXVariantGroup;
			children = (
				F40867E31F283B6F00C91A55 /* Base */,
			);
			name = Main.storyboard;
			sourceTree = "<group>";
		};
/* End PBXVariantGroup section */

/* Begin XCBuildConfiguration section */
		F40867EB1F283B6F00C91A55 /* Debug */ = {
			isa = XCBuildConfiguration;
			buildSettings = {
				ALWAYS_SEARCH_USER_PATHS = NO;
				CLANG_ANALYZER_NONNULL = YES;
				CLANG_ANALYZER_NUMBER_OBJECT_CONVERSION = YES_AGGRESSIVE;
				CLANG_CXX_LANGUAGE_STANDARD = "gnu++0x";
				CLANG_CXX_LIBRARY = "libc++";
				CLANG_ENABLE_MODULES = YES;
				CLANG_ENABLE_OBJC_ARC = YES;
				CLANG_WARN_BLOCK_CAPTURE_AUTORELEASING = YES;
				CLANG_WARN_BOOL_CONVERSION = YES;
				CLANG_WARN_COMMA = YES;
				CLANG_WARN_CONSTANT_CONVERSION = YES;
				CLANG_WARN_DIRECT_OBJC_ISA_USAGE = YES_ERROR;
				CLANG_WARN_DOCUMENTATION_COMMENTS = YES;
				CLANG_WARN_EMPTY_BODY = YES;
				CLANG_WARN_ENUM_CONVERSION = YES;
				CLANG_WARN_INFINITE_RECURSION = YES;
				CLANG_WARN_INT_CONVERSION = YES;
				CLANG_WARN_NON_LITERAL_NULL_CONVERSION = YES;
				CLANG_WARN_OBJC_LITERAL_CONVERSION = YES;
				CLANG_WARN_OBJC_ROOT_CLASS = YES_ERROR;
				CLANG_WARN_RANGE_LOOP_ANALYSIS = YES;
				CLANG_WARN_STRICT_PROTOTYPES = YES;
				CLANG_WARN_SUSPICIOUS_MOVE = YES;
				CLANG_WARN_UNREACHABLE_CODE = YES;
				CLANG_WARN__DUPLICATE_METHOD_MATCH = YES;
				"CODE_SIGN_IDENTITY[sdk=iphoneos*]" = "iPhone Developer";
				COPY_PHASE_STRIP = NO;
				DEBUG_INFORMATION_FORMAT = dwarf;
				ENABLE_STRICT_OBJC_MSGSEND = YES;
				ENABLE_TESTABILITY = YES;
				GCC_C_LANGUAGE_STANDARD = gnu99;
				GCC_DYNAMIC_NO_PIC = NO;
				GCC_NO_COMMON_BLOCKS = YES;
				GCC_OPTIMIZATION_LEVEL = 0;
				GCC_PREPROCESSOR_DEFINITIONS = (
					"DEBUG=1",
					"$(inherited)",
				);
				GCC_WARN_64_TO_32_BIT_CONVERSION = YES;
				GCC_WARN_ABOUT_RETURN_TYPE = YES_ERROR;
				GCC_WARN_UNDECLARED_SELECTOR = YES;
				GCC_WARN_UNINITIALIZED_AUTOS = YES_AGGRESSIVE;
				GCC_WARN_UNUSED_FUNCTION = YES;
				GCC_WARN_UNUSED_VARIABLE = YES;
				IPHONEOS_DEPLOYMENT_TARGET = 10.3;
				MTL_ENABLE_DEBUG_INFO = YES;
				ONLY_ACTIVE_ARCH = YES;
				SDKROOT = iphoneos;
				SWIFT_ACTIVE_COMPILATION_CONDITIONS = DEBUG;
				SWIFT_OPTIMIZATION_LEVEL = "-Onone";
				TARGETED_DEVICE_FAMILY = "1,2";
			};
			name = Debug;
		};
		F40867EC1F283B6F00C91A55 /* Release */ = {
			isa = XCBuildConfiguration;
			buildSettings = {
				ALWAYS_SEARCH_USER_PATHS = NO;
				CLANG_ANALYZER_NONNULL = YES;
				CLANG_ANALYZER_NUMBER_OBJECT_CONVERSION = YES_AGGRESSIVE;
				CLANG_CXX_LANGUAGE_STANDARD = "gnu++0x";
				CLANG_CXX_LIBRARY = "libc++";
				CLANG_ENABLE_MODULES = YES;
				CLANG_ENABLE_OBJC_ARC = YES;
				CLANG_WARN_BLOCK_CAPTURE_AUTORELEASING = YES;
				CLANG_WARN_BOOL_CONVERSION = YES;
				CLANG_WARN_COMMA = YES;
				CLANG_WARN_CONSTANT_CONVERSION = YES;
				CLANG_WARN_DIRECT_OBJC_ISA_USAGE = YES_ERROR;
				CLANG_WARN_DOCUMENTATION_COMMENTS = YES;
				CLANG_WARN_EMPTY_BODY = YES;
				CLANG_WARN_ENUM_CONVERSION = YES;
				CLANG_WARN_INFINITE_RECURSION = YES;
				CLANG_WARN_INT_CONVERSION = YES;
				CLANG_WARN_NON_LITERAL_NULL_CONVERSION = YES;
				CLANG_WARN_OBJC_LITERAL_CONVERSION = YES;
				CLANG_WARN_OBJC_ROOT_CLASS = YES_ERROR;
				CLANG_WARN_RANGE_LOOP_ANALYSIS = YES;
				CLANG_WARN_STRICT_PROTOTYPES = YES;
				CLANG_WARN_SUSPICIOUS_MOVE = YES;
				CLANG_WARN_UNREACHABLE_CODE = YES;
				CLANG_WARN__DUPLICATE_METHOD_MATCH = YES;
				"CODE_SIGN_IDENTITY[sdk=iphoneos*]" = "iPhone Developer";
				COPY_PHASE_STRIP = NO;
				DEBUG_INFORMATION_FORMAT = "dwarf-with-dsym";
				ENABLE_NS_ASSERTIONS = NO;
				ENABLE_STRICT_OBJC_MSGSEND = YES;
				GCC_C_LANGUAGE_STANDARD = gnu99;
				GCC_NO_COMMON_BLOCKS = YES;
				GCC_WARN_64_TO_32_BIT_CONVERSION = YES;
				GCC_WARN_ABOUT_RETURN_TYPE = YES_ERROR;
				GCC_WARN_UNDECLARED_SELECTOR = YES;
				GCC_WARN_UNINITIALIZED_AUTOS = YES_AGGRESSIVE;
				GCC_WARN_UNUSED_FUNCTION = YES;
				GCC_WARN_UNUSED_VARIABLE = YES;
				IPHONEOS_DEPLOYMENT_TARGET = 10.3;
				MTL_ENABLE_DEBUG_INFO = NO;
				SDKROOT = iphoneos;
				SWIFT_OPTIMIZATION_LEVEL = "-Owholemodule";
				TARGETED_DEVICE_FAMILY = "1,2";
				VALIDATE_PRODUCT = YES;
			};
			name = Release;
		};
		F40867EE1F283B6F00C91A55 /* Debug */ = {
			isa = XCBuildConfiguration;
			baseConfigurationReference = E2CD9BE99CE5C8C4277B2A14 /* Pods-Lojinha.debug.xcconfig */;
			buildSettings = {
				ASSETCATALOG_COMPILER_APPICON_NAME = AppIcon;
				CLANG_ENABLE_MODULES = YES;
				CODE_SIGN_ENTITLEMENTS = Lojinha/Lojinha.entitlements;
				DEVELOPMENT_TEAM = 8UW672R5KC;
				INFOPLIST_FILE = Lojinha/Info.plist;
				LD_RUNPATH_SEARCH_PATHS = "$(inherited) @executable_path/Frameworks";
				PRODUCT_BUNDLE_IDENTIFIER = br.com.Lojinha;
				PRODUCT_NAME = "$(TARGET_NAME)";
				SWIFT_OBJC_BRIDGING_HEADER = "Lojinha/Helper Classes/Lojinha-Bridging-Header.h";
				SWIFT_OPTIMIZATION_LEVEL = "-Onone";
				SWIFT_VERSION = 3.0;
				TARGETED_DEVICE_FAMILY = 1;
			};
			name = Debug;
		};
		F40867EF1F283B6F00C91A55 /* Release */ = {
			isa = XCBuildConfiguration;
			baseConfigurationReference = B100EC11426409C808CED369 /* Pods-Lojinha.release.xcconfig */;
			buildSettings = {
				ASSETCATALOG_COMPILER_APPICON_NAME = AppIcon;
				CLANG_ENABLE_MODULES = YES;
				CODE_SIGN_ENTITLEMENTS = Lojinha/Lojinha.entitlements;
				DEVELOPMENT_TEAM = 8UW672R5KC;
				INFOPLIST_FILE = Lojinha/Info.plist;
				LD_RUNPATH_SEARCH_PATHS = "$(inherited) @executable_path/Frameworks";
				PRODUCT_BUNDLE_IDENTIFIER = br.com.Lojinha;
				PRODUCT_NAME = "$(TARGET_NAME)";
				SWIFT_OBJC_BRIDGING_HEADER = "Lojinha/Helper Classes/Lojinha-Bridging-Header.h";
				SWIFT_VERSION = 3.0;
				TARGETED_DEVICE_FAMILY = 1;
			};
			name = Release;
		};
/* End XCBuildConfiguration section */

/* Begin XCConfigurationList section */
		F40867D61F283B6F00C91A55 /* Build configuration list for PBXProject "Lojinha" */ = {
			isa = XCConfigurationList;
			buildConfigurations = (
				F40867EB1F283B6F00C91A55 /* Debug */,
				F40867EC1F283B6F00C91A55 /* Release */,
			);
			defaultConfigurationIsVisible = 0;
			defaultConfigurationName = Release;
		};
		F40867ED1F283B6F00C91A55 /* Build configuration list for PBXNativeTarget "Lojinha" */ = {
			isa = XCConfigurationList;
			buildConfigurations = (
				F40867EE1F283B6F00C91A55 /* Debug */,
				F40867EF1F283B6F00C91A55 /* Release */,
			);
			defaultConfigurationIsVisible = 0;
			defaultConfigurationName = Release;
		};
/* End XCConfigurationList section */
	};
	rootObject = F40867D31F283B6F00C91A55 /* Project object */;
}
